
Microsoft Visual Studio Solution File, Format Version 12.00
# Visual Studio Version 17
VisualStudioVersion = 17.9.34622.214
MinimumVisualStudioVersion = 10.0.40219.1
Project("{FAE04EC0-301F-11D3-BF4B-00C04F79EFBC}") = "DataAccess", "DataAccess\DataAccess.csproj", "{94CD58A3-5C32-48CA-9A5D-93EA5E9842DB}"
EndProject
Project("{FAE04EC0-301F-11D3-BF4B-00C04F79EFBC}") = "BusinessLogic", "BusinessLogic\BusinessLogic.csproj", "{1218CE45-3BE9-442A-899F-BEDE5FA8B40E}"
EndProject
Project("{FAE04EC0-301F-11D3-BF4B-00C04F79EFBC}") = "CA_HospitalAutomationApp", "CA_HospitalAutomationApp\CA_HospitalAutomationApp.csproj", "{B83288B7-2994-44CA-89F4-8E4FB4C56191}"
EndProject
Global
	GlobalSection(SolutionConfigurationPlatforms) = preSolution
		Debug|Any CPU = Debug|Any CPU
		Release|Any CPU = Release|Any CPU
	EndGlobalSection
	GlobalSection(ProjectConfigurationPlatforms) = postSolution
		{94CD58A3-5C32-48CA-9A5D-93EA5E9842DB}.Debug|Any CPU.ActiveCfg = Debug|Any CPU
		{94CD58A3-5C32-48CA-9A5D-93EA5E9842DB}.Debug|Any CPU.Build.0 = Debug|Any CPU
		{94CD58A3-5C32-48CA-9A5D-93EA5E9842DB}.Release|Any CPU.ActiveCfg = Release|Any CPU
		{94CD58A3-5C32-48CA-9A5D-93EA5E9842DB}.Release|Any CPU.Build.0 = Release|Any CPU
		{1218CE45-3BE9-442A-899F-BEDE5FA8B40E}.Debug|Any CPU.ActiveCfg = Debug|Any CPU
		{1218CE45-3BE9-442A-899F-BEDE5FA8B40E}.Debug|Any CPU.Build.0 = Debug|Any CPU
		{1218CE45-3BE9-442A-899F-BEDE5FA8B40E}.Release|Any CPU.ActiveCfg = Release|Any CPU
		{1218CE45-3BE9-442A-899F-BEDE5FA8B40E}.Release|Any CPU.Build.0 = Release|Any CPU
		{B83288B7-2994-44CA-89F4-8E4FB4C56191}.Debug|Any CPU.ActiveCfg = Debug|Any CPU
		{B83288B7-2994-44CA-89F4-8E4FB4C56191}.Debug|Any CPU.Build.0 = Debug|Any CPU
		{B83288B7-2994-44CA-89F4-8E4FB4C56191}.Release|Any CPU.ActiveCfg = Release|Any CPU
		{B83288B7-2994-44CA-89F4-8E4FB4C56191}.Release|Any CPU.Build.0 = Release|Any CPU
	EndGlobalSection
	GlobalSection(SolutionProperties) = preSolution
		HideSolutionNode = FALSE
	EndGlobalSection
	GlobalSection(ExtensibilityGlobals) = postSolution
		SolutionGuid = {4217B4A2-CFB1-4A61-B178-2CAA6423C130}
	EndGlobalSection
EndGlobal
